
Microsoft Visual Studio Solution File, Format Version 12.00
# Visual Studio Version 16
VisualStudioVersion = 16.0.31129.286
MinimumVisualStudioVersion = 10.0.40219.1
Project("{FAE04EC0-301F-11D3-BF4B-00C04F79EFBC}") = "LinkedList", "LinkedList\LinkedList.csproj", "{99AE21A5-F96C-401D-9F5A-5E6695D3D3D1}"
EndProject
Global
	GlobalSection(SolutionConfigurationPlatforms) = preSolution
		Debug|Any CPU = Debug|Any CPU
		Release|Any CPU = Release|Any CPU
	EndGlobalSection
	GlobalSection(ProjectConfigurationPlatforms) = postSolution
		{99AE21A5-F96C-401D-9F5A-5E6695D3D3D1}.Debug|Any CPU.ActiveCfg = Debug|Any CPU
		{99AE21A5-F96C-401D-9F5A-5E6695D3D3D1}.Debug|Any CPU.Build.0 = Debug|Any CPU
		{99AE21A5-F96C-401D-9F5A-5E6695D3D3D1}.Release|Any CPU.ActiveCfg = Release|Any CPU
		{99AE21A5-F96C-401D-9F5A-5E6695D3D3D1}.Release|Any CPU.Build.0 = Release|Any CPU
	EndGlobalSection
	GlobalSection(SolutionProperties) = preSolution
		HideSolutionNode = FALSE
	EndGlobalSection
	GlobalSection(ExtensibilityGlobals) = postSolution
		SolutionGuid = {C2E20570-3126-4733-820A-97144E643480}
	EndGlobalSection
EndGlobal
